
Microsoft Visual Studio Solution File, Format Version 12.00
# Visual Studio Version 17
VisualStudioVersion = 17.13.35919.96 d17.13
MinimumVisualStudioVersion = 10.0.40219.1
Project("{FAE04EC0-301F-11D3-BF4B-00C04F79EFBC}") = "ZooSalesMarket", "ZooSalesMarket.csproj", "{9A94A45D-05D3-99E5-1011-8BAC14780A4D}"
EndProject
Global
	GlobalSection(SolutionConfigurationPlatforms) = preSolution
		Debug|Any CPU = Debug|Any CPU
		Release|Any CPU = Release|Any CPU
	EndGlobalSection
	GlobalSection(ProjectConfigurationPlatforms) = postSolution
		{9A94A45D-05D3-99E5-1011-8BAC14780A4D}.Debug|Any CPU.ActiveCfg = Debug|Any CPU
		{9A94A45D-05D3-99E5-1011-8BAC14780A4D}.Debug|Any CPU.Build.0 = Debug|Any CPU
		{9A94A45D-05D3-99E5-1011-8BAC14780A4D}.Release|Any CPU.ActiveCfg = Release|Any CPU
		{9A94A45D-05D3-99E5-1011-8BAC14780A4D}.Release|Any CPU.Build.0 = Release|Any CPU
	EndGlobalSection
	GlobalSection(SolutionProperties) = preSolution
		HideSolutionNode = FALSE
	EndGlobalSection
	GlobalSection(ExtensibilityGlobals) = postSolution
		SolutionGuid = {38EB0909-89AB-412F-9A44-7D32A0AD9229}
	EndGlobalSection
EndGlobal
